
Microsoft Visual Studio Solution File, Format Version 12.00
# Visual Studio Version 16
VisualStudioVersion = 16.0.31112.23
MinimumVisualStudioVersion = 10.0.40219.1
Project("{9A19103F-16F7-4668-BE54-9A1E7A4F7556}") = "CapstoneDesign-0901", "CapstoneDesign-0901\CapstoneDesign-0901.csproj", "{9FF7ED98-202F-4EE6-8185-20C55040E298}"
EndProject
Project("{FAE04EC0-301F-11D3-BF4B-00C04F79EFBC}") = "student_ox", "student_ox\student_ox.csproj", "{3E0A396B-E01D-419C-A2BC-BDE644466D74}"
EndProject
Global
	GlobalSection(SolutionConfigurationPlatforms) = preSolution
		Debug|Any CPU = Debug|Any CPU
		Release|Any CPU = Release|Any CPU
	EndGlobalSection
	GlobalSection(ProjectConfigurationPlatforms) = postSolution
		{9FF7ED98-202F-4EE6-8185-20C55040E298}.Debug|Any CPU.ActiveCfg = Debug|Any CPU
		{9FF7ED98-202F-4EE6-8185-20C55040E298}.Debug|Any CPU.Build.0 = Debug|Any CPU
		{9FF7ED98-202F-4EE6-8185-20C55040E298}.Release|Any CPU.ActiveCfg = Release|Any CPU
		{9FF7ED98-202F-4EE6-8185-20C55040E298}.Release|Any CPU.Build.0 = Release|Any CPU
		{3E0A396B-E01D-419C-A2BC-BDE644466D74}.Debug|Any CPU.ActiveCfg = Debug|Any CPU
		{3E0A396B-E01D-419C-A2BC-BDE644466D74}.Debug|Any CPU.Build.0 = Debug|Any CPU
		{3E0A396B-E01D-419C-A2BC-BDE644466D74}.Release|Any CPU.ActiveCfg = Release|Any CPU
		{3E0A396B-E01D-419C-A2BC-BDE644466D74}.Release|Any CPU.Build.0 = Release|Any CPU
	EndGlobalSection
	GlobalSection(SolutionProperties) = preSolution
		HideSolutionNode = FALSE
	EndGlobalSection
	GlobalSection(ExtensibilityGlobals) = postSolution
		SolutionGuid = {BEE6D940-DD3D-41EB-B369-0A561DDA25E8}
	EndGlobalSection
EndGlobal
